
Microsoft Visual Studio Solution File, Format Version 12.00
# Visual Studio Version 16
VisualStudioVersion = 16.0.31005.135
MinimumVisualStudioVersion = 10.0.40219.1
Project("{FAE04EC0-301F-11D3-BF4B-00C04F79EFBC}") = "Deliverable 2 Iterative Statements", "Deliverable 2 Iterative Statements.csproj", "{A0A4D769-55FF-44E6-BE4E-B12CD0DB7203}"
EndProject
Global
	GlobalSection(SolutionConfigurationPlatforms) = preSolution
		Debug|Any CPU = Debug|Any CPU
		Release|Any CPU = Release|Any CPU
	EndGlobalSection
	GlobalSection(ProjectConfigurationPlatforms) = postSolution
		{A0A4D769-55FF-44E6-BE4E-B12CD0DB7203}.Debug|Any CPU.ActiveCfg = Debug|Any CPU
		{A0A4D769-55FF-44E6-BE4E-B12CD0DB7203}.Debug|Any CPU.Build.0 = Debug|Any CPU
		{A0A4D769-55FF-44E6-BE4E-B12CD0DB7203}.Release|Any CPU.ActiveCfg = Release|Any CPU
		{A0A4D769-55FF-44E6-BE4E-B12CD0DB7203}.Release|Any CPU.Build.0 = Release|Any CPU
	EndGlobalSection
	GlobalSection(SolutionProperties) = preSolution
		HideSolutionNode = FALSE
	EndGlobalSection
	GlobalSection(ExtensibilityGlobals) = postSolution
		SolutionGuid = {9C083A4B-578C-44C4-9A8B-475B1E452FBE}
	EndGlobalSection
EndGlobal
